
Microsoft Visual Studio Solution File, Format Version 12.00
# Visual Studio 15
VisualStudioVersion = 15.0.27130.2020
MinimumVisualStudioVersion = 10.0.40219.1
Project("{FAE04EC0-301F-11D3-BF4B-00C04F79EFBC}") = "concept_0_03", "concept_0_03\concept_0_03.csproj", "{565E4279-7EB0-4B5C-B823-9BD7D5A33F90}"
EndProject
Global
	GlobalSection(SolutionConfigurationPlatforms) = preSolution
		Debug|Any CPU = Debug|Any CPU
		Release|Any CPU = Release|Any CPU
	EndGlobalSection
	GlobalSection(ProjectConfigurationPlatforms) = postSolution
		{565E4279-7EB0-4B5C-B823-9BD7D5A33F90}.Debug|Any CPU.ActiveCfg = Debug|Any CPU
		{565E4279-7EB0-4B5C-B823-9BD7D5A33F90}.Debug|Any CPU.Build.0 = Debug|Any CPU
		{565E4279-7EB0-4B5C-B823-9BD7D5A33F90}.Release|Any CPU.ActiveCfg = Release|Any CPU
		{565E4279-7EB0-4B5C-B823-9BD7D5A33F90}.Release|Any CPU.Build.0 = Release|Any CPU
	EndGlobalSection
	GlobalSection(SolutionProperties) = preSolution
		HideSolutionNode = FALSE
	EndGlobalSection
	GlobalSection(ExtensibilityGlobals) = postSolution
		SolutionGuid = {347507C4-CC4C-4022-8260-CCF8ECFE6A07}
	EndGlobalSection
EndGlobal
